# This file is automatically @generated by Cargo.
# It is not intended for manual editing.
[[package]]
name = "eth_pairings_go_2537"
version = "0.2.0"
dependencies = [
 "hex",
]

[[package]]
name = "hex"
version = "0.4.0"
source = "registry+https://github.com/rust-lang/crates.io-index"
checksum = "023b39be39e3a2da62a94feb433e91e8bcd37676fbc8bea371daf52b7a769a3e"
